{
  "name": "dharam-gfx-theme",
  "version": "0.0.1",
  "lockfileVersion": 3,
  "requires": true,
  "packages": {
    "": {
      "name": "dharam-gfx-theme",
      "version": "0.0.1",
      "devDependencies": {
        "shiki": "^1.16.2"
      },
      "engines": {
        "vscode": "^1.93.0"
      }
    },
    "node_modules/@shikijs/core": {
      "version": "1.16.2",
      "resolved": "https://registry.npmjs.org/@shikijs/core/-/core-1.16.2.tgz",
      "integrity": "sha512-XSVH5OZCvE4WLMgdoBqfPMYmGHGmCC3OgZhw0S7KcSi2XKZ+5oHGe71GFnTljgdOxvxx5WrRks6QoTLKrl1eAA==",
      "dev": true,
      "dependencies": {
        "@shikijs/vscode-textmate": "^9.2.0",
        "@types/hast": "^3.0.4"
      }
    },
    "node_modules/@shikijs/vscode-textmate": {
      "version": "9.2.0",
      "resolved": "https://registry.npmjs.org/@shikijs/vscode-textmate/-/vscode-textmate-9.2.0.tgz",
      "integrity": "sha512-5FinaOp6Vdh/dl4/yaOTh0ZeKch+rYS8DUb38V3GMKYVkdqzxw53lViRKUYkVILRiVQT7dcPC7VvAKOR73zVtQ==",
      "dev": true
    },
    "node_modules/@types/hast": {
      "version": "3.0.4",
      "resolved": "https://registry.npmjs.org/@types/hast/-/hast-3.0.4.tgz",
      "integrity": "sha512-WPs+bbQw5aCj+x6laNGWLH3wviHtoCv/P3+otBhbOhJgG8qtpdAMlTCxLtsTWA7LH1Oh/bFCHsBn0TPS5m30EQ==",
      "dev": true,
      "dependencies": {
        "@types/unist": "*"
      }
    },
    "node_modules/@types/unist": {
      "version": "3.0.3",
      "resolved": "https://registry.npmjs.org/@types/unist/-/unist-3.0.3.tgz",
      "integrity": "sha512-ko/gIFJRv177XgZsZcBwnqJN5x/Gien8qNOn0D5bQU/zAzVf9Zt3BlcUiLqhV9y4ARk0GbT3tnUiPNgnTXzc/Q==",
      "dev": true
    },
    "node_modules/shiki": {
      "version": "1.16.2",
      "resolved": "https://registry.npmjs.org/shiki/-/shiki-1.16.2.tgz",
      "integrity": "sha512-gSym0hZf5a1U0iDPsdoOAZbvoi+e0c6c3NKAi03FoSLTm7oG20tum29+gk0wzzivOasn3loxfGUPT+jZXIUbWg==",
      "dev": true,
      "dependencies": {
        "@shikijs/core": "1.16.2",
        "@shikijs/vscode-textmate": "^9.2.0",
        "@types/hast": "^3.0.4"
      }
    }
  }
}
